
Microsoft Visual Studio Solution File, Format Version 12.00
# Visual Studio Version 17
VisualStudioVersion = 17.7.33711.374
MinimumVisualStudioVersion = 10.0.40219.1
Project("{FAE04EC0-301F-11D3-BF4B-00C04F79EFBC}") = "SportsMonitor_Version5.Server", "SportsMonitor_Version5\Server\SportsMonitor_Version5.Server.csproj", "{5D9EB896-D1C9-49C2-8885-C472AB053A7A}"
EndProject
Project("{FAE04EC0-301F-11D3-BF4B-00C04F79EFBC}") = "SportsMonitor_Version5.Client", "SportsMonitor_Version5\Client\SportsMonitor_Version5.Client.csproj", "{1EDB07DA-2617-4E92-A409-DA49F7ED7C7E}"
EndProject
Global
	GlobalSection(SolutionConfigurationPlatforms) = preSolution
		Debug|Any CPU = Debug|Any CPU
		Release|Any CPU = Release|Any CPU
	EndGlobalSection
	GlobalSection(ProjectConfigurationPlatforms) = postSolution
		{5D9EB896-D1C9-49C2-8885-C472AB053A7A}.Debug|Any CPU.ActiveCfg = Debug|Any CPU
		{5D9EB896-D1C9-49C2-8885-C472AB053A7A}.Debug|Any CPU.Build.0 = Debug|Any CPU
		{5D9EB896-D1C9-49C2-8885-C472AB053A7A}.Release|Any CPU.ActiveCfg = Release|Any CPU
		{5D9EB896-D1C9-49C2-8885-C472AB053A7A}.Release|Any CPU.Build.0 = Release|Any CPU
		{1EDB07DA-2617-4E92-A409-DA49F7ED7C7E}.Debug|Any CPU.ActiveCfg = Debug|Any CPU
		{1EDB07DA-2617-4E92-A409-DA49F7ED7C7E}.Debug|Any CPU.Build.0 = Debug|Any CPU
		{1EDB07DA-2617-4E92-A409-DA49F7ED7C7E}.Release|Any CPU.ActiveCfg = Release|Any CPU
		{1EDB07DA-2617-4E92-A409-DA49F7ED7C7E}.Release|Any CPU.Build.0 = Release|Any CPU
	EndGlobalSection
	GlobalSection(SolutionProperties) = preSolution
		HideSolutionNode = FALSE
	EndGlobalSection
	GlobalSection(ExtensibilityGlobals) = postSolution
		SolutionGuid = {8BF270EF-B1AE-4475-9C19-9B658D825DB7}
	EndGlobalSection
EndGlobal
