
Microsoft Visual Studio Solution File, Format Version 12.00
# Visual Studio Version 17
VisualStudioVersion = 17.8.34004.107
MinimumVisualStudioVersion = 10.0.40219.1
Project("{FAE04EC0-301F-11D3-BF4B-00C04F79EFBC}") = "SportsMonitor_Version6.Server", "SportsMonitor_Version6\Server\SportsMonitor_Version6.Server.csproj", "{71B6DAF0-43B4-41D1-874F-704CE1D5F09C}"
EndProject
Project("{FAE04EC0-301F-11D3-BF4B-00C04F79EFBC}") = "SportsMonitor_Version6.Client", "SportsMonitor_Version6\Client\SportsMonitor_Version6.Client.csproj", "{E65CE67F-DD1F-47CC-86B2-3FA7884D6F30}"
EndProject
Global
	GlobalSection(SolutionConfigurationPlatforms) = preSolution
		Debug|Any CPU = Debug|Any CPU
		Release|Any CPU = Release|Any CPU
	EndGlobalSection
	GlobalSection(ProjectConfigurationPlatforms) = postSolution
		{71B6DAF0-43B4-41D1-874F-704CE1D5F09C}.Debug|Any CPU.ActiveCfg = Debug|Any CPU
		{71B6DAF0-43B4-41D1-874F-704CE1D5F09C}.Debug|Any CPU.Build.0 = Debug|Any CPU
		{71B6DAF0-43B4-41D1-874F-704CE1D5F09C}.Release|Any CPU.ActiveCfg = Release|Any CPU
		{71B6DAF0-43B4-41D1-874F-704CE1D5F09C}.Release|Any CPU.Build.0 = Release|Any CPU
		{E65CE67F-DD1F-47CC-86B2-3FA7884D6F30}.Debug|Any CPU.ActiveCfg = Debug|Any CPU
		{E65CE67F-DD1F-47CC-86B2-3FA7884D6F30}.Debug|Any CPU.Build.0 = Debug|Any CPU
		{E65CE67F-DD1F-47CC-86B2-3FA7884D6F30}.Release|Any CPU.ActiveCfg = Release|Any CPU
		{E65CE67F-DD1F-47CC-86B2-3FA7884D6F30}.Release|Any CPU.Build.0 = Release|Any CPU
	EndGlobalSection
	GlobalSection(SolutionProperties) = preSolution
		HideSolutionNode = FALSE
	EndGlobalSection
	GlobalSection(ExtensibilityGlobals) = postSolution
		SolutionGuid = {59A72BAD-A48B-4D9C-925F-8681A0E4CD71}
	EndGlobalSection
EndGlobal
