
Microsoft Visual Studio Solution File, Format Version 12.00
# Visual Studio Version 17
VisualStudioVersion = 17.7.33711.374
MinimumVisualStudioVersion = 10.0.40219.1
Project("{FAE04EC0-301F-11D3-BF4B-00C04F79EFBC}") = "SportsMonitor_Version4.Server", "SportsMonitor_Version4\Server\SportsMonitor_Version4.Server.csproj", "{701F33C8-1932-4E87-B2BD-EB2F6023958E}"
EndProject
Project("{FAE04EC0-301F-11D3-BF4B-00C04F79EFBC}") = "SportsMonitor_Version4.Client", "SportsMonitor_Version4\Client\SportsMonitor_Version4.Client.csproj", "{6A42CC2D-9545-4118-8C13-66D3F62D0871}"
EndProject
Global
	GlobalSection(SolutionConfigurationPlatforms) = preSolution
		Debug|Any CPU = Debug|Any CPU
		Release|Any CPU = Release|Any CPU
	EndGlobalSection
	GlobalSection(ProjectConfigurationPlatforms) = postSolution
		{701F33C8-1932-4E87-B2BD-EB2F6023958E}.Debug|Any CPU.ActiveCfg = Debug|Any CPU
		{701F33C8-1932-4E87-B2BD-EB2F6023958E}.Debug|Any CPU.Build.0 = Debug|Any CPU
		{701F33C8-1932-4E87-B2BD-EB2F6023958E}.Release|Any CPU.ActiveCfg = Release|Any CPU
		{701F33C8-1932-4E87-B2BD-EB2F6023958E}.Release|Any CPU.Build.0 = Release|Any CPU
		{6A42CC2D-9545-4118-8C13-66D3F62D0871}.Debug|Any CPU.ActiveCfg = Debug|Any CPU
		{6A42CC2D-9545-4118-8C13-66D3F62D0871}.Debug|Any CPU.Build.0 = Debug|Any CPU
		{6A42CC2D-9545-4118-8C13-66D3F62D0871}.Release|Any CPU.ActiveCfg = Release|Any CPU
		{6A42CC2D-9545-4118-8C13-66D3F62D0871}.Release|Any CPU.Build.0 = Release|Any CPU
	EndGlobalSection
	GlobalSection(SolutionProperties) = preSolution
		HideSolutionNode = FALSE
	EndGlobalSection
	GlobalSection(ExtensibilityGlobals) = postSolution
		SolutionGuid = {FEA6D3F5-2677-479A-BBD9-CBCC26B608B8}
	EndGlobalSection
EndGlobal
